
Microsoft Visual Studio Solution File, Format Version 12.00
# Visual Studio Version 16
VisualStudioVersion = 16.0.28902.138
MinimumVisualStudioVersion = 10.0.40219.1
Project("{9A19103F-16F7-4668-BE54-9A1E7A4F7556}") = "ProgramacionAplicada1Tarea1", "ProgramacionAplicada1Tarea1.csproj", "{86C065A7-F162-4C82-B455-18CFD4BD736F}"
EndProject
Project("{2150E333-8FDC-42A3-9474-1A3956D46DE8}") = "Capitulo1", "Capitulo1", "{05303624-5297-4710-9C4F-DEC2B7FE858B}"
EndProject
Project("{2150E333-8FDC-42A3-9474-1A3956D46DE8}") = "Capitulo2", "Capitulo2", "{D816351F-64AF-4466-A360-55C4D7CECBF8}"
EndProject
Project("{FAE04EC0-301F-11D3-BF4B-00C04F79EFBC}") = "Capitulo2Ejercicios", "..\Capitulo2Ejercicios\Capitulo2Ejercicios.csproj", "{82E0A075-66F4-417C-95CA-30BFE1B0E8D5}"
EndProject
Project("{2150E333-8FDC-42A3-9474-1A3956D46DE8}") = "Capitulo3", "Capitulo3", "{914C78A5-CD26-4F61-9C1D-DA768DE28F51}"
EndProject
Project("{FAE04EC0-301F-11D3-BF4B-00C04F79EFBC}") = "Capitulo3Ejercicios", "..\Capitulo3Ejercicios\Capitulo3Ejercicios.csproj", "{03B523D9-86A4-4AC2-8B05-3FE31C838F55}"
EndProject
Global
	GlobalSection(SolutionConfigurationPlatforms) = preSolution
		Debug|Any CPU = Debug|Any CPU
		Release|Any CPU = Release|Any CPU
	EndGlobalSection
	GlobalSection(ProjectConfigurationPlatforms) = postSolution
		{86C065A7-F162-4C82-B455-18CFD4BD736F}.Debug|Any CPU.ActiveCfg = Debug|Any CPU
		{86C065A7-F162-4C82-B455-18CFD4BD736F}.Debug|Any CPU.Build.0 = Debug|Any CPU
		{86C065A7-F162-4C82-B455-18CFD4BD736F}.Release|Any CPU.ActiveCfg = Release|Any CPU
		{86C065A7-F162-4C82-B455-18CFD4BD736F}.Release|Any CPU.Build.0 = Release|Any CPU
		{82E0A075-66F4-417C-95CA-30BFE1B0E8D5}.Debug|Any CPU.ActiveCfg = Debug|Any CPU
		{82E0A075-66F4-417C-95CA-30BFE1B0E8D5}.Debug|Any CPU.Build.0 = Debug|Any CPU
		{82E0A075-66F4-417C-95CA-30BFE1B0E8D5}.Release|Any CPU.ActiveCfg = Release|Any CPU
		{82E0A075-66F4-417C-95CA-30BFE1B0E8D5}.Release|Any CPU.Build.0 = Release|Any CPU
		{03B523D9-86A4-4AC2-8B05-3FE31C838F55}.Debug|Any CPU.ActiveCfg = Debug|Any CPU
		{03B523D9-86A4-4AC2-8B05-3FE31C838F55}.Debug|Any CPU.Build.0 = Debug|Any CPU
		{03B523D9-86A4-4AC2-8B05-3FE31C838F55}.Release|Any CPU.ActiveCfg = Release|Any CPU
		{03B523D9-86A4-4AC2-8B05-3FE31C838F55}.Release|Any CPU.Build.0 = Release|Any CPU
	EndGlobalSection
	GlobalSection(SolutionProperties) = preSolution
		HideSolutionNode = FALSE
	EndGlobalSection
	GlobalSection(NestedProjects) = preSolution
		{86C065A7-F162-4C82-B455-18CFD4BD736F} = {05303624-5297-4710-9C4F-DEC2B7FE858B}
		{82E0A075-66F4-417C-95CA-30BFE1B0E8D5} = {D816351F-64AF-4466-A360-55C4D7CECBF8}
		{03B523D9-86A4-4AC2-8B05-3FE31C838F55} = {914C78A5-CD26-4F61-9C1D-DA768DE28F51}
	EndGlobalSection
	GlobalSection(ExtensibilityGlobals) = postSolution
		SolutionGuid = {B321E221-0187-4157-916E-A947AB7E2069}
	EndGlobalSection
EndGlobal
